
Microsoft Visual Studio Solution File, Format Version 12.00
# Visual Studio Version 17
VisualStudioVersion = 17.0.31903.59
MinimumVisualStudioVersion = 10.0.40219.1
Project("{2150E333-8FDC-42A3-9474-1A3956D46DE8}") = "src", "src", "{827E0CD3-B72D-47B6-A68D-7590B98EB39B}"
EndProject
Project("{2150E333-8FDC-42A3-9474-1A3956D46DE8}") = "Core", "Core", "{8D626EA8-CB54-BC41-363A-217881BEBA6E}"
EndProject
Project("{FAE04EC0-301F-11D3-BF4B-00C04F79EFBC}") = "GameCompanion.Core", "src\Core\GameCompanion.Core\GameCompanion.Core.csproj", "{18A91F79-DD3C-44FD-A23E-8C68DB252D21}"
EndProject
Project("{2150E333-8FDC-42A3-9474-1A3956D46DE8}") = "Engine", "Engine", "{581C1AFC-A79E-7578-3E64-521365DC72E1}"
EndProject
Project("{FAE04EC0-301F-11D3-BF4B-00C04F79EFBC}") = "GameCompanion.Engine.Tasks", "src\Engine\GameCompanion.Engine.Tasks\GameCompanion.Engine.Tasks.csproj", "{7AEFDB8D-E9DD-461D-924A-6C0C2BDB3347}"
EndProject
Project("{FAE04EC0-301F-11D3-BF4B-00C04F79EFBC}") = "GameCompanion.Engine.SaveSafety", "src\Engine\GameCompanion.Engine.SaveSafety\GameCompanion.Engine.SaveSafety.csproj", "{0AFF9DC0-8043-40EB-AABC-B37C7C7E1AC2}"
EndProject
Project("{FAE04EC0-301F-11D3-BF4B-00C04F79EFBC}") = "GameCompanion.Engine.UI", "src\Engine\GameCompanion.Engine.UI\GameCompanion.Engine.UI.csproj", "{6DD247F9-9935-418F-A962-DBD87FCC0E9F}"
EndProject
Project("{2150E333-8FDC-42A3-9474-1A3956D46DE8}") = "Modules", "Modules", "{EC447DCF-ABFA-6E24-52A5-D7FD48A5C558}"
EndProject
Project("{FAE04EC0-301F-11D3-BF4B-00C04F79EFBC}") = "GameCompanion.Module.StarRupture", "src\Modules\GameCompanion.Module.StarRupture\GameCompanion.Module.StarRupture.csproj", "{8EF5A4F6-3DD4-4BE7-B1F9-34D2DB6A0934}"
EndProject
Project("{2150E333-8FDC-42A3-9474-1A3956D46DE8}") = "Apps", "Apps", "{AD2A5A3B-A595-3E96-334A-002D08FE630C}"
EndProject
Project("{2150E333-8FDC-42A3-9474-1A3956D46DE8}") = "ArcadiaTracker.App", "ArcadiaTracker.App", "{84012B0C-B1E1-954A-27DD-7F65CA69779E}"
EndProject
Project("{FAE04EC0-301F-11D3-BF4B-00C04F79EFBC}") = "ArcadiaTracker.App", "src\Apps\ArcadiaTracker.App\ArcadiaTracker.App\ArcadiaTracker.App.csproj", "{5CCE5BB7-1024-4BCC-9A88-1D71D615054F}"
EndProject
Project("{2150E333-8FDC-42A3-9474-1A3956D46DE8}") = "tools", "tools", "{07C2787E-EAC7-C090-1BA3-A61EC2A24D84}"
EndProject
Project("{FAE04EC0-301F-11D3-BF4B-00C04F79EFBC}") = "SaveDumper", "tools\SaveDumper\SaveDumper\SaveDumper.csproj", "{66AD7146-4CC8-432A-B718-F40B2A3799CF}"
EndProject
Project("{2150E333-8FDC-42A3-9474-1A3956D46DE8}") = "tests", "tests", "{0AB3BF05-4346-4AA6-1389-037BE0695223}"
EndProject
Project("{FAE04EC0-301F-11D3-BF4B-00C04F79EFBC}") = "GameCompanion.Core.Tests", "tests\GameCompanion.Core.Tests\GameCompanion.Core.Tests.csproj", "{8034F90B-4203-4CEE-9E62-8CB20774B77C}"
EndProject
Project("{FAE04EC0-301F-11D3-BF4B-00C04F79EFBC}") = "GameCompanion.Module.StarRupture.Tests", "tests\GameCompanion.Module.StarRupture.Tests\GameCompanion.Module.StarRupture.Tests.csproj", "{5FF2C263-E631-4A26-B596-47B9C1F56D27}"
EndProject
Global
	GlobalSection(SolutionConfigurationPlatforms) = preSolution
		Debug|Any CPU = Debug|Any CPU
		Debug|x64 = Debug|x64
		Debug|x86 = Debug|x86
		Release|Any CPU = Release|Any CPU
		Release|x64 = Release|x64
		Release|x86 = Release|x86
	EndGlobalSection
	GlobalSection(ProjectConfigurationPlatforms) = postSolution
		{18A91F79-DD3C-44FD-A23E-8C68DB252D21}.Debug|Any CPU.ActiveCfg = Debug|Any CPU
		{18A91F79-DD3C-44FD-A23E-8C68DB252D21}.Debug|Any CPU.Build.0 = Debug|Any CPU
		{18A91F79-DD3C-44FD-A23E-8C68DB252D21}.Debug|x64.ActiveCfg = Debug|Any CPU
		{18A91F79-DD3C-44FD-A23E-8C68DB252D21}.Debug|x64.Build.0 = Debug|Any CPU
		{18A91F79-DD3C-44FD-A23E-8C68DB252D21}.Debug|x86.ActiveCfg = Debug|Any CPU
		{18A91F79-DD3C-44FD-A23E-8C68DB252D21}.Debug|x86.Build.0 = Debug|Any CPU
		{18A91F79-DD3C-44FD-A23E-8C68DB252D21}.Release|Any CPU.ActiveCfg = Release|Any CPU
		{18A91F79-DD3C-44FD-A23E-8C68DB252D21}.Release|Any CPU.Build.0 = Release|Any CPU
		{18A91F79-DD3C-44FD-A23E-8C68DB252D21}.Release|x64.ActiveCfg = Release|Any CPU
		{18A91F79-DD3C-44FD-A23E-8C68DB252D21}.Release|x64.Build.0 = Release|Any CPU
		{18A91F79-DD3C-44FD-A23E-8C68DB252D21}.Release|x86.ActiveCfg = Release|Any CPU
		{18A91F79-DD3C-44FD-A23E-8C68DB252D21}.Release|x86.Build.0 = Release|Any CPU
		{7AEFDB8D-E9DD-461D-924A-6C0C2BDB3347}.Debug|Any CPU.ActiveCfg = Debug|Any CPU
		{7AEFDB8D-E9DD-461D-924A-6C0C2BDB3347}.Debug|Any CPU.Build.0 = Debug|Any CPU
		{7AEFDB8D-E9DD-461D-924A-6C0C2BDB3347}.Debug|x64.ActiveCfg = Debug|Any CPU
		{7AEFDB8D-E9DD-461D-924A-6C0C2BDB3347}.Debug|x64.Build.0 = Debug|Any CPU
		{7AEFDB8D-E9DD-461D-924A-6C0C2BDB3347}.Debug|x86.ActiveCfg = Debug|Any CPU
		{7AEFDB8D-E9DD-461D-924A-6C0C2BDB3347}.Debug|x86.Build.0 = Debug|Any CPU
		{7AEFDB8D-E9DD-461D-924A-6C0C2BDB3347}.Release|Any CPU.ActiveCfg = Release|Any CPU
		{7AEFDB8D-E9DD-461D-924A-6C0C2BDB3347}.Release|Any CPU.Build.0 = Release|Any CPU
		{7AEFDB8D-E9DD-461D-924A-6C0C2BDB3347}.Release|x64.ActiveCfg = Release|Any CPU
		{7AEFDB8D-E9DD-461D-924A-6C0C2BDB3347}.Release|x64.Build.0 = Release|Any CPU
		{7AEFDB8D-E9DD-461D-924A-6C0C2BDB3347}.Release|x86.ActiveCfg = Release|Any CPU
		{7AEFDB8D-E9DD-461D-924A-6C0C2BDB3347}.Release|x86.Build.0 = Release|Any CPU
		{0AFF9DC0-8043-40EB-AABC-B37C7C7E1AC2}.Debug|Any CPU.ActiveCfg = Debug|Any CPU
		{0AFF9DC0-8043-40EB-AABC-B37C7C7E1AC2}.Debug|Any CPU.Build.0 = Debug|Any CPU
		{0AFF9DC0-8043-40EB-AABC-B37C7C7E1AC2}.Debug|x64.ActiveCfg = Debug|Any CPU
		{0AFF9DC0-8043-40EB-AABC-B37C7C7E1AC2}.Debug|x64.Build.0 = Debug|Any CPU
		{0AFF9DC0-8043-40EB-AABC-B37C7C7E1AC2}.Debug|x86.ActiveCfg = Debug|Any CPU
		{0AFF9DC0-8043-40EB-AABC-B37C7C7E1AC2}.Debug|x86.Build.0 = Debug|Any CPU
		{0AFF9DC0-8043-40EB-AABC-B37C7C7E1AC2}.Release|Any CPU.ActiveCfg = Release|Any CPU
		{0AFF9DC0-8043-40EB-AABC-B37C7C7E1AC2}.Release|Any CPU.Build.0 = Release|Any CPU
		{0AFF9DC0-8043-40EB-AABC-B37C7C7E1AC2}.Release|x64.ActiveCfg = Release|Any CPU
		{0AFF9DC0-8043-40EB-AABC-B37C7C7E1AC2}.Release|x64.Build.0 = Release|Any CPU
		{0AFF9DC0-8043-40EB-AABC-B37C7C7E1AC2}.Release|x86.ActiveCfg = Release|Any CPU
		{0AFF9DC0-8043-40EB-AABC-B37C7C7E1AC2}.Release|x86.Build.0 = Release|Any CPU
		{6DD247F9-9935-418F-A962-DBD87FCC0E9F}.Debug|Any CPU.ActiveCfg = Debug|Any CPU
		{6DD247F9-9935-418F-A962-DBD87FCC0E9F}.Debug|Any CPU.Build.0 = Debug|Any CPU
		{6DD247F9-9935-418F-A962-DBD87FCC0E9F}.Debug|x64.ActiveCfg = Debug|Any CPU
		{6DD247F9-9935-418F-A962-DBD87FCC0E9F}.Debug|x64.Build.0 = Debug|Any CPU
		{6DD247F9-9935-418F-A962-DBD87FCC0E9F}.Debug|x86.ActiveCfg = Debug|Any CPU
		{6DD247F9-9935-418F-A962-DBD87FCC0E9F}.Debug|x86.Build.0 = Debug|Any CPU
		{6DD247F9-9935-418F-A962-DBD87FCC0E9F}.Release|Any CPU.ActiveCfg = Release|Any CPU
		{6DD247F9-9935-418F-A962-DBD87FCC0E9F}.Release|Any CPU.Build.0 = Release|Any CPU
		{6DD247F9-9935-418F-A962-DBD87FCC0E9F}.Release|x64.ActiveCfg = Release|Any CPU
		{6DD247F9-9935-418F-A962-DBD87FCC0E9F}.Release|x64.Build.0 = Release|Any CPU
		{6DD247F9-9935-418F-A962-DBD87FCC0E9F}.Release|x86.ActiveCfg = Release|Any CPU
		{6DD247F9-9935-418F-A962-DBD87FCC0E9F}.Release|x86.Build.0 = Release|Any CPU
		{8EF5A4F6-3DD4-4BE7-B1F9-34D2DB6A0934}.Debug|Any CPU.ActiveCfg = Debug|Any CPU
		{8EF5A4F6-3DD4-4BE7-B1F9-34D2DB6A0934}.Debug|Any CPU.Build.0 = Debug|Any CPU
		{8EF5A4F6-3DD4-4BE7-B1F9-34D2DB6A0934}.Debug|x64.ActiveCfg = Debug|Any CPU
		{8EF5A4F6-3DD4-4BE7-B1F9-34D2DB6A0934}.Debug|x64.Build.0 = Debug|Any CPU
		{8EF5A4F6-3DD4-4BE7-B1F9-34D2DB6A0934}.Debug|x86.ActiveCfg = Debug|Any CPU
		{8EF5A4F6-3DD4-4BE7-B1F9-34D2DB6A0934}.Debug|x86.Build.0 = Debug|Any CPU
		{8EF5A4F6-3DD4-4BE7-B1F9-34D2DB6A0934}.Release|Any CPU.ActiveCfg = Release|Any CPU
		{8EF5A4F6-3DD4-4BE7-B1F9-34D2DB6A0934}.Release|Any CPU.Build.0 = Release|Any CPU
		{8EF5A4F6-3DD4-4BE7-B1F9-34D2DB6A0934}.Release|x64.ActiveCfg = Release|Any CPU
		{8EF5A4F6-3DD4-4BE7-B1F9-34D2DB6A0934}.Release|x64.Build.0 = Release|Any CPU
		{8EF5A4F6-3DD4-4BE7-B1F9-34D2DB6A0934}.Release|x86.ActiveCfg = Release|Any CPU
		{8EF5A4F6-3DD4-4BE7-B1F9-34D2DB6A0934}.Release|x86.Build.0 = Release|Any CPU
		{5CCE5BB7-1024-4BCC-9A88-1D71D615054F}.Debug|Any CPU.ActiveCfg = Debug|Any CPU
		{5CCE5BB7-1024-4BCC-9A88-1D71D615054F}.Debug|Any CPU.Build.0 = Debug|Any CPU
		{5CCE5BB7-1024-4BCC-9A88-1D71D615054F}.Debug|x64.ActiveCfg = Debug|Any CPU
		{5CCE5BB7-1024-4BCC-9A88-1D71D615054F}.Debug|x64.Build.0 = Debug|Any CPU
		{5CCE5BB7-1024-4BCC-9A88-1D71D615054F}.Debug|x86.ActiveCfg = Debug|Any CPU
		{5CCE5BB7-1024-4BCC-9A88-1D71D615054F}.Debug|x86.Build.0 = Debug|Any CPU
		{5CCE5BB7-1024-4BCC-9A88-1D71D615054F}.Release|Any CPU.ActiveCfg = Release|Any CPU
		{5CCE5BB7-1024-4BCC-9A88-1D71D615054F}.Release|Any CPU.Build.0 = Release|Any CPU
		{5CCE5BB7-1024-4BCC-9A88-1D71D615054F}.Release|x64.ActiveCfg = Release|Any CPU
		{5CCE5BB7-1024-4BCC-9A88-1D71D615054F}.Release|x64.Build.0 = Release|Any CPU
		{5CCE5BB7-1024-4BCC-9A88-1D71D615054F}.Release|x86.ActiveCfg = Release|Any CPU
		{5CCE5BB7-1024-4BCC-9A88-1D71D615054F}.Release|x86.Build.0 = Release|Any CPU
		{66AD7146-4CC8-432A-B718-F40B2A3799CF}.Debug|Any CPU.ActiveCfg = Debug|Any CPU
		{66AD7146-4CC8-432A-B718-F40B2A3799CF}.Debug|Any CPU.Build.0 = Debug|Any CPU
		{66AD7146-4CC8-432A-B718-F40B2A3799CF}.Debug|x64.ActiveCfg = Debug|Any CPU
		{66AD7146-4CC8-432A-B718-F40B2A3799CF}.Debug|x64.Build.0 = Debug|Any CPU
		{66AD7146-4CC8-432A-B718-F40B2A3799CF}.Debug|x86.ActiveCfg = Debug|Any CPU
		{66AD7146-4CC8-432A-B718-F40B2A3799CF}.Debug|x86.Build.0 = Debug|Any CPU
		{66AD7146-4CC8-432A-B718-F40B2A3799CF}.Release|Any CPU.ActiveCfg = Release|Any CPU
		{66AD7146-4CC8-432A-B718-F40B2A3799CF}.Release|Any CPU.Build.0 = Release|Any CPU
		{66AD7146-4CC8-432A-B718-F40B2A3799CF}.Release|x64.ActiveCfg = Release|Any CPU
		{66AD7146-4CC8-432A-B718-F40B2A3799CF}.Release|x64.Build.0 = Release|Any CPU
		{66AD7146-4CC8-432A-B718-F40B2A3799CF}.Release|x86.ActiveCfg = Release|Any CPU
		{66AD7146-4CC8-432A-B718-F40B2A3799CF}.Release|x86.Build.0 = Release|Any CPU
		{8034F90B-4203-4CEE-9E62-8CB20774B77C}.Debug|Any CPU.ActiveCfg = Debug|Any CPU
		{8034F90B-4203-4CEE-9E62-8CB20774B77C}.Debug|Any CPU.Build.0 = Debug|Any CPU
		{8034F90B-4203-4CEE-9E62-8CB20774B77C}.Debug|x64.ActiveCfg = Debug|Any CPU
		{8034F90B-4203-4CEE-9E62-8CB20774B77C}.Debug|x64.Build.0 = Debug|Any CPU
		{8034F90B-4203-4CEE-9E62-8CB20774B77C}.Debug|x86.ActiveCfg = Debug|Any CPU
		{8034F90B-4203-4CEE-9E62-8CB20774B77C}.Debug|x86.Build.0 = Debug|Any CPU
		{8034F90B-4203-4CEE-9E62-8CB20774B77C}.Release|Any CPU.ActiveCfg = Release|Any CPU
		{8034F90B-4203-4CEE-9E62-8CB20774B77C}.Release|Any CPU.Build.0 = Release|Any CPU
		{8034F90B-4203-4CEE-9E62-8CB20774B77C}.Release|x64.ActiveCfg = Release|Any CPU
		{8034F90B-4203-4CEE-9E62-8CB20774B77C}.Release|x64.Build.0 = Release|Any CPU
		{8034F90B-4203-4CEE-9E62-8CB20774B77C}.Release|x86.ActiveCfg = Release|Any CPU
		{8034F90B-4203-4CEE-9E62-8CB20774B77C}.Release|x86.Build.0 = Release|Any CPU
		{5FF2C263-E631-4A26-B596-47B9C1F56D27}.Debug|Any CPU.ActiveCfg = Debug|Any CPU
		{5FF2C263-E631-4A26-B596-47B9C1F56D27}.Debug|Any CPU.Build.0 = Debug|Any CPU
		{5FF2C263-E631-4A26-B596-47B9C1F56D27}.Debug|x64.ActiveCfg = Debug|Any CPU
		{5FF2C263-E631-4A26-B596-47B9C1F56D27}.Debug|x64.Build.0 = Debug|Any CPU
		{5FF2C263-E631-4A26-B596-47B9C1F56D27}.Debug|x86.ActiveCfg = Debug|Any CPU
		{5FF2C263-E631-4A26-B596-47B9C1F56D27}.Debug|x86.Build.0 = Debug|Any CPU
		{5FF2C263-E631-4A26-B596-47B9C1F56D27}.Release|Any CPU.ActiveCfg = Release|Any CPU
		{5FF2C263-E631-4A26-B596-47B9C1F56D27}.Release|Any CPU.Build.0 = Release|Any CPU
		{5FF2C263-E631-4A26-B596-47B9C1F56D27}.Release|x64.ActiveCfg = Release|Any CPU
		{5FF2C263-E631-4A26-B596-47B9C1F56D27}.Release|x64.Build.0 = Release|Any CPU
		{5FF2C263-E631-4A26-B596-47B9C1F56D27}.Release|x86.ActiveCfg = Release|Any CPU
		{5FF2C263-E631-4A26-B596-47B9C1F56D27}.Release|x86.Build.0 = Release|Any CPU
	EndGlobalSection
	GlobalSection(SolutionProperties) = preSolution
		HideSolutionNode = FALSE
	EndGlobalSection
	GlobalSection(NestedProjects) = preSolution
		{8D626EA8-CB54-BC41-363A-217881BEBA6E} = {827E0CD3-B72D-47B6-A68D-7590B98EB39B}
		{18A91F79-DD3C-44FD-A23E-8C68DB252D21} = {8D626EA8-CB54-BC41-363A-217881BEBA6E}
		{581C1AFC-A79E-7578-3E64-521365DC72E1} = {827E0CD3-B72D-47B6-A68D-7590B98EB39B}
		{7AEFDB8D-E9DD-461D-924A-6C0C2BDB3347} = {581C1AFC-A79E-7578-3E64-521365DC72E1}
		{0AFF9DC0-8043-40EB-AABC-B37C7C7E1AC2} = {581C1AFC-A79E-7578-3E64-521365DC72E1}
		{6DD247F9-9935-418F-A962-DBD87FCC0E9F} = {581C1AFC-A79E-7578-3E64-521365DC72E1}
		{EC447DCF-ABFA-6E24-52A5-D7FD48A5C558} = {827E0CD3-B72D-47B6-A68D-7590B98EB39B}
		{8EF5A4F6-3DD4-4BE7-B1F9-34D2DB6A0934} = {EC447DCF-ABFA-6E24-52A5-D7FD48A5C558}
		{AD2A5A3B-A595-3E96-334A-002D08FE630C} = {827E0CD3-B72D-47B6-A68D-7590B98EB39B}
		{84012B0C-B1E1-954A-27DD-7F65CA69779E} = {AD2A5A3B-A595-3E96-334A-002D08FE630C}
		{5CCE5BB7-1024-4BCC-9A88-1D71D615054F} = {84012B0C-B1E1-954A-27DD-7F65CA69779E}
		{66AD7146-4CC8-432A-B718-F40B2A3799CF} = {07C2787E-EAC7-C090-1BA3-A61EC2A24D84}
		{8034F90B-4203-4CEE-9E62-8CB20774B77C} = {0AB3BF05-4346-4AA6-1389-037BE0695223}
		{5FF2C263-E631-4A26-B596-47B9C1F56D27} = {0AB3BF05-4346-4AA6-1389-037BE0695223}
	EndGlobalSection
EndGlobal
